
Microsoft Visual Studio Solution File, Format Version 12.00
# Visual Studio Version 16
VisualStudioVersion = 16.0.29905.134
MinimumVisualStudioVersion = 10.0.40219.1
Project("{9A19103F-16F7-4668-BE54-9A1E7A4F7556}") = "hello_world", "hello_world\hello_world.csproj", "{8C90B040-CD9C-42C9-B21E-4E249409045A}"
EndProject
Project("{FAE04EC0-301F-11D3-BF4B-00C04F79EFBC}") = "print_args", "print_args\print_args.csproj", "{F7FB6DB8-6270-44FA-959E-A5734314BBDA}"
EndProject
Project("{FAE04EC0-301F-11D3-BF4B-00C04F79EFBC}") = "remove_duplicates", "remove_duplicates\remove_duplicates.csproj", "{7C0F57D0-BBBA-4789-A385-B4BA7B5CD4CA}"
EndProject
Global
	GlobalSection(SolutionConfigurationPlatforms) = preSolution
		Debug|Any CPU = Debug|Any CPU
		Release|Any CPU = Release|Any CPU
	EndGlobalSection
	GlobalSection(ProjectConfigurationPlatforms) = postSolution
		{8C90B040-CD9C-42C9-B21E-4E249409045A}.Debug|Any CPU.ActiveCfg = Debug|Any CPU
		{8C90B040-CD9C-42C9-B21E-4E249409045A}.Debug|Any CPU.Build.0 = Debug|Any CPU
		{8C90B040-CD9C-42C9-B21E-4E249409045A}.Release|Any CPU.ActiveCfg = Release|Any CPU
		{8C90B040-CD9C-42C9-B21E-4E249409045A}.Release|Any CPU.Build.0 = Release|Any CPU
		{F7FB6DB8-6270-44FA-959E-A5734314BBDA}.Debug|Any CPU.ActiveCfg = Debug|Any CPU
		{F7FB6DB8-6270-44FA-959E-A5734314BBDA}.Debug|Any CPU.Build.0 = Debug|Any CPU
		{F7FB6DB8-6270-44FA-959E-A5734314BBDA}.Release|Any CPU.ActiveCfg = Release|Any CPU
		{F7FB6DB8-6270-44FA-959E-A5734314BBDA}.Release|Any CPU.Build.0 = Release|Any CPU
		{7C0F57D0-BBBA-4789-A385-B4BA7B5CD4CA}.Debug|Any CPU.ActiveCfg = Debug|Any CPU
		{7C0F57D0-BBBA-4789-A385-B4BA7B5CD4CA}.Debug|Any CPU.Build.0 = Debug|Any CPU
		{7C0F57D0-BBBA-4789-A385-B4BA7B5CD4CA}.Release|Any CPU.ActiveCfg = Release|Any CPU
		{7C0F57D0-BBBA-4789-A385-B4BA7B5CD4CA}.Release|Any CPU.Build.0 = Release|Any CPU
	EndGlobalSection
	GlobalSection(SolutionProperties) = preSolution
		HideSolutionNode = FALSE
	EndGlobalSection
	GlobalSection(ExtensibilityGlobals) = postSolution
		SolutionGuid = {124A2A1A-7263-4AB0-B71F-8ACA49CFC8EC}
	EndGlobalSection
EndGlobal
