
Microsoft Visual Studio Solution File, Format Version 12.00
# Visual Studio Version 16
VisualStudioVersion = 16.0.29905.134
MinimumVisualStudioVersion = 10.0.40219.1
Project("{9A19103F-16F7-4668-BE54-9A1E7A4F7556}") = "CheckIdentifier", "CheckIdentifier\CheckIdentifier.csproj", "{85971EA4-C715-4A97-B21A-2A67F4C1951F}"
EndProject
Project("{FAE04EC0-301F-11D3-BF4B-00C04F79EFBC}") = "CheckIdentifier-Tests", "CheckIdentifier-Tests\CheckIdentifier-Tests.csproj", "{9313CEC0-D9C9-4DCB-9BAB-E7CBAE1EAFC4}"
EndProject
Global
	GlobalSection(SolutionConfigurationPlatforms) = preSolution
		Debug|Any CPU = Debug|Any CPU
		Release|Any CPU = Release|Any CPU
	EndGlobalSection
	GlobalSection(ProjectConfigurationPlatforms) = postSolution
		{85971EA4-C715-4A97-B21A-2A67F4C1951F}.Debug|Any CPU.ActiveCfg = Debug|Any CPU
		{85971EA4-C715-4A97-B21A-2A67F4C1951F}.Debug|Any CPU.Build.0 = Debug|Any CPU
		{85971EA4-C715-4A97-B21A-2A67F4C1951F}.Release|Any CPU.ActiveCfg = Release|Any CPU
		{85971EA4-C715-4A97-B21A-2A67F4C1951F}.Release|Any CPU.Build.0 = Release|Any CPU
		{9313CEC0-D9C9-4DCB-9BAB-E7CBAE1EAFC4}.Debug|Any CPU.ActiveCfg = Debug|Any CPU
		{9313CEC0-D9C9-4DCB-9BAB-E7CBAE1EAFC4}.Debug|Any CPU.Build.0 = Debug|Any CPU
		{9313CEC0-D9C9-4DCB-9BAB-E7CBAE1EAFC4}.Release|Any CPU.ActiveCfg = Release|Any CPU
		{9313CEC0-D9C9-4DCB-9BAB-E7CBAE1EAFC4}.Release|Any CPU.Build.0 = Release|Any CPU
	EndGlobalSection
	GlobalSection(SolutionProperties) = preSolution
		HideSolutionNode = FALSE
	EndGlobalSection
	GlobalSection(ExtensibilityGlobals) = postSolution
		SolutionGuid = {2F5DDF74-4E4F-4340-A5B5-B1287F217E92}
	EndGlobalSection
EndGlobal
